<Solution>
  <Project Path="BccCode.I18N.SourceGen/BccCode.I18N.SourceGen.IntegrationTests/BccCode.I18N.SourceGen.IntegrationTests.csproj" />
  <Project Path="BccCode.I18N.SourceGen/BccCode.I18N.SourceGen.NuGetIntegrationTests/BccCode.I18N.SourceGen.NuGetIntegrationTests.csproj" />
  <Project Path="BccCode.I18N.SourceGen/BccCode.I18N.SourceGen.Sample/BccCode.I18N.SourceGen.Sample.csproj" />
  <Project Path="BccCode.I18N.SourceGen/BccCode.I18N.SourceGen.Tests/BccCode.I18N.SourceGen.Tests.csproj" />
  <Project Path="BccCode.I18N.SourceGen/BccCode.I18N.SourceGen/BccCode.I18N.SourceGen.csproj" />
</Solution>
